
Microsoft Visual Studio Solution File, Format Version 12.00
# Visual Studio Version 16
VisualStudioVersion = 16.0.29209.62
MinimumVisualStudioVersion = 10.0.40219.1
Project("{FAE04EC0-301F-11D3-BF4B-00C04F79EFBC}") = "Demo_SingleKeyPressMenu", "Demo_SingleKeyPressMenu\Demo_SingleKeyPressMenu.csproj", "{57541677-6D8E-4FF8-B81A-1FA39880F743}"
EndProject
Global
	GlobalSection(SolutionConfigurationPlatforms) = preSolution
		Debug|Any CPU = Debug|Any CPU
		Release|Any CPU = Release|Any CPU
	EndGlobalSection
	GlobalSection(ProjectConfigurationPlatforms) = postSolution
		{57541677-6D8E-4FF8-B81A-1FA39880F743}.Debug|Any CPU.ActiveCfg = Debug|Any CPU
		{57541677-6D8E-4FF8-B81A-1FA39880F743}.Debug|Any CPU.Build.0 = Debug|Any CPU
		{57541677-6D8E-4FF8-B81A-1FA39880F743}.Release|Any CPU.ActiveCfg = Release|Any CPU
		{57541677-6D8E-4FF8-B81A-1FA39880F743}.Release|Any CPU.Build.0 = Release|Any CPU
	EndGlobalSection
	GlobalSection(SolutionProperties) = preSolution
		HideSolutionNode = FALSE
	EndGlobalSection
	GlobalSection(ExtensibilityGlobals) = postSolution
		SolutionGuid = {0EE7B7E0-7C66-4916-9E3B-2C05FBDA49A7}
	EndGlobalSection
EndGlobal
